
Microsoft Visual Studio Solution File, Format Version 12.00
# Visual Studio Version 16
VisualStudioVersion = 16.0.29519.181
MinimumVisualStudioVersion = 10.0.40219.1
Project("{8BC9CEB8-8B4A-11D0-8D11-00A0C91BC942}") = "ArkanoidDirectx", "ArkanoidDirectx\ArkanoidDirectx.vcxproj", "{EFA7B48D-0AF2-4B83-907D-7FD2E3D5785C}"
EndProject
Global
	GlobalSection(SolutionConfigurationPlatforms) = preSolution
		Debug|x64 = Debug|x64
		Debug|x86 = Debug|x86
		Release|x64 = Release|x64
		Release|x86 = Release|x86
	EndGlobalSection
	GlobalSection(ProjectConfigurationPlatforms) = postSolution
		{EFA7B48D-0AF2-4B83-907D-7FD2E3D5785C}.Debug|x64.ActiveCfg = Debug|x64
		{EFA7B48D-0AF2-4B83-907D-7FD2E3D5785C}.Debug|x64.Build.0 = Debug|x64
		{EFA7B48D-0AF2-4B83-907D-7FD2E3D5785C}.Debug|x86.ActiveCfg = Debug|Win32
		{EFA7B48D-0AF2-4B83-907D-7FD2E3D5785C}.Debug|x86.Build.0 = Debug|Win32
		{EFA7B48D-0AF2-4B83-907D-7FD2E3D5785C}.Release|x64.ActiveCfg = Release|x64
		{EFA7B48D-0AF2-4B83-907D-7FD2E3D5785C}.Release|x64.Build.0 = Release|x64
		{EFA7B48D-0AF2-4B83-907D-7FD2E3D5785C}.Release|x86.ActiveCfg = Release|Win32
		{EFA7B48D-0AF2-4B83-907D-7FD2E3D5785C}.Release|x86.Build.0 = Release|Win32
	EndGlobalSection
	GlobalSection(SolutionProperties) = preSolution
		HideSolutionNode = FALSE
	EndGlobalSection
	GlobalSection(ExtensibilityGlobals) = postSolution
		SolutionGuid = {ADA931AC-CDA9-46DB-BFAC-6FB67257D5D2}
	EndGlobalSection
EndGlobal
